{
  "name": "MCBBSWikiUtils",
  "lockfileVersion": 2,
  "requires": true,
  "packages": {
    "": {
      "dependencies": {
        "highcharts": "^10.2.1"
      }
    },
    "node_modules/highcharts": {
      "version": "10.2.1",
      "resolved": "https://registry.npmmirror.com/highcharts/-/highcharts-10.2.1.tgz",
      "integrity": "sha512-4QwLQwWc0XdBHXc2Uy6IJisAUir+sgQIMyFqYZc3BD9iFSFUdllLkRyoed6y33aPb73LAMZE2qLB5SuLqFE/fg=="
    }
  },
  "dependencies": {
    "highcharts": {
      "version": "10.2.1",
      "resolved": "https://registry.npmmirror.com/highcharts/-/highcharts-10.2.1.tgz",
      "integrity": "sha512-4QwLQwWc0XdBHXc2Uy6IJisAUir+sgQIMyFqYZc3BD9iFSFUdllLkRyoed6y33aPb73LAMZE2qLB5SuLqFE/fg=="
    }
  }
}
